NeoBundleLock Lucius 7ed02d3e4a8f2cfeda03ac67cf6879098cbc068a
NeoBundleLock Zenburn 33e67af2418e4775c2a7abc6e8fef401e697e1eb
NeoBundleLock jellybeans.vim f931895c20681684278aef2ffd810730b9c36ec3
NeoBundleLock molokai db8ce13b3737d3ddea8368498183d7c204a762eb
NeoBundleLock mrkn256.vim 038b1839405a32e2547289e9d0cdc666d874a6fb
NeoBundleLock mustang-vim 6533d7d21bf27cae94d9c2caa575f627f003dfd5
NeoBundleLock neobundle.vim e434fe1222f306cd8de28920e54b48e816147d7d
NeoBundleLock neosnippet.vim b214f7e3fd4a88651df4d4c979199bb068c51292
NeoBundleLock unite-colorscheme 3aa33866a183f7659594a3f6b66b2334eaebc6a0
NeoBundleLock unite.vim d913332851bb8ad83ab7bfc2312980f7742b5495
NeoBundleLock vim-colors-solarized 528a59f26d12278698bb946f8fb82a63711eec21
NeoBundleLock vim-colors-wombat fb44c8db8563946de191b1856e3cfffe0cdb622d
NeoBundleLock vim-pyte a1071f30656b26645b69f59e1e05257829a39620
NeoBundleLock vim-railscasts-theme b09adffc4f23dab82e9005c6f12635210485da8a
