NeoBundleLock Lucius 7ed02d3e4a8f2cfeda03ac67cf6879098cbc068a
NeoBundleLock Zenburn 33e67af2418e4775c2a7abc6e8fef401e697e1eb
NeoBundleLock emmet-vim c7901281374eacc91da9f9db42d0d32cd89ad343
NeoBundleLock html5.vim 9bfa00bdb3fdca07c490b527e5e6ec6c4b017d3b
NeoBundleLock jellybeans.vim f931895c20681684278aef2ffd810730b9c36ec3
NeoBundleLock molokai c67bdfcdb31415aa0ade7f8c003261700a885476
NeoBundleLock mrkn256.vim 038b1839405a32e2547289e9d0cdc666d874a6fb
NeoBundleLock mustang-vim 6533d7d21bf27cae94d9c2caa575f627f003dfd5
NeoBundleLock neobundle.vim 847cbd0d180a9ff2baf369c788e186b8aafaae8b
NeoBundleLock neocomplcache 778181767467b8f8016828898779a646074d883a
NeoBundleLock neomru.vim bab3124e3ff52dc70d30fd741ba0b8d718cae4d9
NeoBundleLock neosnippet-snippets ec9267240ecb855657de830c9c68e5f6e34cfe65
NeoBundleLock neosnippet.vim 44b129aa21df9e80014ffbb06a3f615e18559389
NeoBundleLock nerdtree 4ebbb533c3faf2c480211db2b547972bb3b60f2b
NeoBundleLock open-browser.vim 60726473a9507d122d72bcd02c8eb69146351d8b
NeoBundleLock unite.vim aefd6c32ef8dc5b357efe7d8e5cd3dd4aa785d5c
NeoBundleLock vim-browsereload-mac b73cc98c18c28869ed99562f6a3c142cb2906029
NeoBundleLock vim-coffee-script 32fe889b8cafd3a4921ef8e6485156453ff58c42
NeoBundleLock vim-colors-solarized 528a59f26d12278698bb946f8fb82a63711eec21
NeoBundleLock vim-colors-wombat fb44c8db8563946de191b1856e3cfffe0cdb622d
NeoBundleLock vim-css3-syntax dc363c34d348842ae82cd1f1d00663d7a600b88d
NeoBundleLock vim-fugitive 8851b8fe643517af160f59dfc3d88a0c4eed1fa5
NeoBundleLock vim-html5validator 9354f66df436efb33f4b93c2a169eb7c655f3d4c
NeoBundleLock vim-indent-guides 49bde6fa30648345ffabfe55b3a095a293568a2e
NeoBundleLock vim-javascript-syntax e7b2c327d4e7311097e7cd68f0e54f65e3a7be1a
NeoBundleLock vim-pyte a1071f30656b26645b69f59e1e05257829a39620
NeoBundleLock vim-railscasts-theme b09adffc4f23dab82e9005c6f12635210485da8a
NeoBundleLock vim-surround 2d05440ad23f97a7874ebd9b5de3a0e65d25d85c
NeoBundleLock vim-trailing-whitespace 478b217d299b6f5938b43a4929d6bb0907cc3a56
